
Microsoft Visual Studio Solution File, Format Version 12.00
# Visual Studio 15
VisualStudioVersion = 15.0.28010.2026
MinimumVisualStudioVersion = 10.0.40219.1
Project("{888888A0-9F3D-457C-B088-3A5042F75D52}") = "CognitiveServicesPlayground", "CognitiveServicesPlayground\CognitiveServicesPlayground.pyproj", "{203D71BA-6F16-43E4-A581-4760BA89388A}"
EndProject
Global
	GlobalSection(SolutionConfigurationPlatforms) = preSolution
		Debug|Any CPU = Debug|Any CPU
		Release|Any CPU = Release|Any CPU
	EndGlobalSection
	GlobalSection(ProjectConfigurationPlatforms) = postSolution
		{203D71BA-6F16-43E4-A581-4760BA89388A}.Debug|Any CPU.ActiveCfg = Debug|Any CPU
		{203D71BA-6F16-43E4-A581-4760BA89388A}.Release|Any CPU.ActiveCfg = Release|Any CPU
	EndGlobalSection
	GlobalSection(SolutionProperties) = preSolution
		HideSolutionNode = FALSE
	EndGlobalSection
	GlobalSection(ExtensibilityGlobals) = postSolution
		SolutionGuid = {80736797-D3D1-4582-9CCF-31A778C3C892}
	EndGlobalSection
EndGlobal
